
Microsoft Visual Studio Solution File, Format Version 12.00
# Visual Studio Version 17
VisualStudioVersion = 17.13.35931.197
MinimumVisualStudioVersion = 10.0.40219.1
Project("{FAE04EC0-301F-11D3-BF4B-00C04F79EFBC}") = "LeadDirecter.Data", "LeadDirecter.Data\LeadDirecter.Data.csproj", "{2BF63EE8-43F9-4E60-B5F8-A5FCD5739F34}"
EndProject
Project("{FAE04EC0-301F-11D3-BF4B-00C04F79EFBC}") = "LeadDirecter.Model", "LeadDirecter.Model\LeadDirecter.Model.csproj", "{0EAE6BF8-5E0C-4161-BFAF-E5D61AA9A8C5}"
EndProject
Project("{FAE04EC0-301F-11D3-BF4B-00C04F79EFBC}") = "LeadDirecter.Service", "LeadDirecter.Service\LeadDirecter.Service.csproj", "{75EAD78C-8B32-4BFB-A757-E24E052D1311}"
EndProject
Project("{FAE04EC0-301F-11D3-BF4B-00C04F79EFBC}") = "LeadDirecter.WebApi", "LeadDirecter.WebApi\LeadDirecter.WebApi.csproj", "{8103BCE6-539C-4E3D-9198-FC9F62668D62}"
EndProject
Project("{FAE04EC0-301F-11D3-BF4B-00C04F79EFBC}") = "LeadDirecter.Shared", "LeadDirecter.Shared\LeadDirecter.Shared.csproj", "{8C2008D9-659C-4A82-8FB8-03592140869C}"
EndProject
Project("{2150E333-8FDC-42A3-9474-1A3956D46DE8}") = "Solution Items", "Solution Items", "{8EC462FD-D22E-90A8-E5CE-7E832BA40C5D}"
	ProjectSection(SolutionItems) = preProject
		.gitignore = .gitignore
		README.md = README.md
	EndProjectSection
EndProject
Global
	GlobalSection(SolutionConfigurationPlatforms) = preSolution
		Debug|Any CPU = Debug|Any CPU
		Release|Any CPU = Release|Any CPU
	EndGlobalSection
	GlobalSection(ProjectConfigurationPlatforms) = postSolution
		{2BF63EE8-43F9-4E60-B5F8-A5FCD5739F34}.Debug|Any CPU.ActiveCfg = Debug|Any CPU
		{2BF63EE8-43F9-4E60-B5F8-A5FCD5739F34}.Debug|Any CPU.Build.0 = Debug|Any CPU
		{2BF63EE8-43F9-4E60-B5F8-A5FCD5739F34}.Release|Any CPU.ActiveCfg = Release|Any CPU
		{2BF63EE8-43F9-4E60-B5F8-A5FCD5739F34}.Release|Any CPU.Build.0 = Release|Any CPU
		{0EAE6BF8-5E0C-4161-BFAF-E5D61AA9A8C5}.Debug|Any CPU.ActiveCfg = Debug|Any CPU
		{0EAE6BF8-5E0C-4161-BFAF-E5D61AA9A8C5}.Debug|Any CPU.Build.0 = Debug|Any CPU
		{0EAE6BF8-5E0C-4161-BFAF-E5D61AA9A8C5}.Release|Any CPU.ActiveCfg = Release|Any CPU
		{0EAE6BF8-5E0C-4161-BFAF-E5D61AA9A8C5}.Release|Any CPU.Build.0 = Release|Any CPU
		{75EAD78C-8B32-4BFB-A757-E24E052D1311}.Debug|Any CPU.ActiveCfg = Debug|Any CPU
		{75EAD78C-8B32-4BFB-A757-E24E052D1311}.Debug|Any CPU.Build.0 = Debug|Any CPU
		{75EAD78C-8B32-4BFB-A757-E24E052D1311}.Release|Any CPU.ActiveCfg = Release|Any CPU
		{75EAD78C-8B32-4BFB-A757-E24E052D1311}.Release|Any CPU.Build.0 = Release|Any CPU
		{8103BCE6-539C-4E3D-9198-FC9F62668D62}.Debug|Any CPU.ActiveCfg = Debug|Any CPU
		{8103BCE6-539C-4E3D-9198-FC9F62668D62}.Debug|Any CPU.Build.0 = Debug|Any CPU
		{8103BCE6-539C-4E3D-9198-FC9F62668D62}.Release|Any CPU.ActiveCfg = Release|Any CPU
		{8103BCE6-539C-4E3D-9198-FC9F62668D62}.Release|Any CPU.Build.0 = Release|Any CPU
		{8C2008D9-659C-4A82-8FB8-03592140869C}.Debug|Any CPU.ActiveCfg = Debug|Any CPU
		{8C2008D9-659C-4A82-8FB8-03592140869C}.Debug|Any CPU.Build.0 = Debug|Any CPU
		{8C2008D9-659C-4A82-8FB8-03592140869C}.Release|Any CPU.ActiveCfg = Release|Any CPU
		{8C2008D9-659C-4A82-8FB8-03592140869C}.Release|Any CPU.Build.0 = Release|Any CPU
	EndGlobalSection
	GlobalSection(SolutionProperties) = preSolution
		HideSolutionNode = FALSE
	EndGlobalSection
	GlobalSection(ExtensibilityGlobals) = postSolution
		SolutionGuid = {290EF112-6AC7-472A-9478-9D662065A9DC}
	EndGlobalSection
EndGlobal
